// !$*UTF8*$!
{
	archiveVersion = 1;
	classes = {
	};
	objectVersion = 50;
	objects = {

/* Begin PBXBuildFile section */
		F412278526ACFC8600DAEADE /* QuestionsViewController.swift in Sources */ = {isa = PBXBuildFile; fileRef = F412278426ACFC8600DAEADE /* QuestionsViewController.swift */; };
		F412278826ACFCCD00DAEADE /* ResultsViewController.swift in Sources */ = {isa = PBXBuildFile; fileRef = F412278726ACFCCD00DAEADE /* ResultsViewController.swift */; };
		F4ACA04026A83AFE00B45F04 /* AppDelegate.swift in Sources */ = {isa = PBXBuildFile; fileRef = F4ACA03F26A83AFE00B45F04 /* AppDelegate.swift */; };
		F4ACA04226A83AFE00B45F04 /* SceneDelegate.swift in Sources */ = {isa = PBXBuildFile; fileRef = F4ACA04126A83AFE00B45F04 /* SceneDelegate.swift */; };
		F4ACA04426A83AFE00B45F04 /* IntroductionViewController.swift in Sources */ = {isa = PBXBuildFile; fileRef = F4ACA04326A83AFE00B45F04 /* IntroductionViewController.swift */; };
		F4ACA04726A83AFE00B45F04 /* Main.storyboard in Resources */ = {isa = PBXBuildFile; fileRef = F4ACA04526A83AFE00B45F04 /* Main.storyboard */; };
		F4ACA04926A83B0600B45F04 /* Assets.xcassets in Resources */ = {isa = PBXBuildFile; fileRef = F4ACA04826A83B0600B45F04 /* Assets.xcassets */; };
		F4ACA04C26A83B0600B45F04 /* LaunchScreen.storyboard in Resources */ = {isa = PBXBuildFile; fileRef = F4ACA04A26A83B0600B45F04 /* LaunchScreen.storyboard */; };
		F4ACA05E26A8954800B45F04 /* Question.swift in Sources */ = {isa = PBXBuildFile; fileRef = F4ACA05D26A8954800B45F04 /* Question.swift */; };
		F4ACA06126A8955900B45F04 /* Answer.swift in Sources */ = {isa = PBXBuildFile; fileRef = F4ACA06026A8955900B45F04 /* Answer.swift */; };
/* End PBXBuildFile section */

/* Begin PBXFileReference section */
		F412278426ACFC8600DAEADE /* QuestionsViewController.swift */ = {isa = PBXFileReference; lastKnownFileType = sourcecode.swift; path = QuestionsViewController.swift; sourceTree = "<group>"; };
		F412278726ACFCCD00DAEADE /* ResultsViewController.swift */ = {isa = PBXFileReference; lastKnownFileType = sourcecode.swift; path = ResultsViewController.swift; sourceTree = "<group>"; };
		F4ACA03C26A83AFE00B45F04 /* Test2.app */ = {isa = PBXFileReference; explicitFileType = wrapper.application; includeInIndex = 0; path = Test2.app; sourceTree = BUILT_PRODUCTS_DIR; };
		F4ACA03F26A83AFE00B45F04 /* AppDelegate.swift */ = {isa = PBXFileReference; lastKnownFileType = sourcecode.swift; path = AppDelegate.swift; sourceTree = "<group>"; };
		F4ACA04126A83AFE00B45F04 /* SceneDelegate.swift */ = {isa = PBXFileReference; lastKnownFileType = sourcecode.swift; path = SceneDelegate.swift; sourceTree = "<group>"; };
		F4ACA04326A83AFE00B45F04 /* IntroductionViewController.swift */ = {isa = PBXFileReference; lastKnownFileType = sourcecode.swift; path = IntroductionViewController.swift; sourceTree = "<group>"; };
		F4ACA04626A83AFE00B45F04 /* Base */ = {isa = PBXFileReference; lastKnownFileType = file.storyboard; name = Base; path = Base.lproj/Main.storyboard; sourceTree = "<group>"; };
		F4ACA04826A83B0600B45F04 /* Assets.xcassets */ = {isa = PBXFileReference; lastKnownFileType = folder.assetcatalog; path = Assets.xcassets; sourceTree = "<group>"; };
		F4ACA04B26A83B0600B45F04 /* Base */ = {isa = PBXFileReference; lastKnownFileType = file.storyboard; name = Base; path = Base.lproj/LaunchScreen.storyboard; sourceTree = "<group>"; };
		F4ACA04D26A83B0600B45F04 /* Info.plist */ = {isa = PBXFileReference; lastKnownFileType = text.plist.xml; path = Info.plist; sourceTree = "<group>"; };
		F4ACA05D26A8954800B45F04 /* Question.swift */ = {isa = PBXFileReference; lastKnownFileType = sourcecode.swift; path = Question.swift; sourceTree = "<group>"; };
		F4ACA06026A8955900B45F04 /* Answer.swift */ = {isa = PBXFileReference; lastKnownFileType = sourcecode.swift; path = Answer.swift; sourceTree = "<group>"; };
/* End PBXFileReference section */

/* Begin PBXFrameworksBuildPhase section */
		F4ACA03926A83AFE00B45F04 /* Frameworks */ = {
			isa = PBXFrameworksBuildPhase;
			buildActionMask = 2147483647;
			files = (
			);
			runOnlyForDeploymentPostprocessing = 0;
		};
/* End PBXFrameworksBuildPhase section */

/* Begin PBXGroup section */
		F4ACA03326A83AFE00B45F04 = {
			isa = PBXGroup;
			children = (
				F4ACA03E26A83AFE00B45F04 /* Test2 */,
				F4ACA03D26A83AFE00B45F04 /* Products */,
			);
			sourceTree = "<group>";
		};
		F4ACA03D26A83AFE00B45F04 /* Products */ = {
			isa = PBXGroup;
			children = (
				F4ACA03C26A83AFE00B45F04 /* Test2.app */,
			);
			name = Products;
			sourceTree = "<group>";
		};
		F4ACA03E26A83AFE00B45F04 /* Test2 */ = {
			isa = PBXGroup;
			children = (
				F4ACA05726A83C7600B45F04 /* ViewControllers */,
				F4ACA05B26A83D4500B45F04 /* Models */,
				F4ACA05626A83C4E00B45F04 /* Storyboards */,
				F4ACA05A26A83CDE00B45F04 /* Resourses */,
				F4ACA05426A83B6300B45F04 /* Supporting */,
			);
			path = Test2;
			sourceTree = "<group>";
		};
		F4ACA05426A83B6300B45F04 /* Supporting */ = {
			isa = PBXGroup;
			children = (
				F4ACA04D26A83B0600B45F04 /* Info.plist */,
				F4ACA03F26A83AFE00B45F04 /* AppDelegate.swift */,
				F4ACA04126A83AFE00B45F04 /* SceneDelegate.swift */,
			);
			path = Supporting;
			sourceTree = "<group>";
		};
		F4ACA05626A83C4E00B45F04 /* Storyboards */ = {
			isa = PBXGroup;
			children = (
				F4ACA04526A83AFE00B45F04 /* Main.storyboard */,
				F4ACA04A26A83B0600B45F04 /* LaunchScreen.storyboard */,
			);
			path = Storyboards;
			sourceTree = "<group>";
		};
		F4ACA05726A83C7600B45F04 /* ViewControllers */ = {
			isa = PBXGroup;
			children = (
				F4ACA04326A83AFE00B45F04 /* IntroductionViewController.swift */,
				F412278426ACFC8600DAEADE /* QuestionsViewController.swift */,
				F412278726ACFCCD00DAEADE /* ResultsViewController.swift */,
			);
			path = ViewControllers;
			sourceTree = "<group>";
		};
		F4ACA05A26A83CDE00B45F04 /* Resourses */ = {
			isa = PBXGroup;
			children = (
				F4ACA04826A83B0600B45F04 /* Assets.xcassets */,
			);
			path = Resourses;
			sourceTree = "<group>";
		};
		F4ACA05B26A83D4500B45F04 /* Models */ = {
			isa = PBXGroup;
			children = (
				F4ACA05D26A8954800B45F04 /* Question.swift */,
				F4ACA06026A8955900B45F04 /* Answer.swift */,
			);
			path = Models;
			sourceTree = "<group>";
		};
/* End PBXGroup section */

/* Begin PBXNativeTarget section */
		F4ACA03B26A83AFE00B45F04 /* Test2 */ = {
			isa = PBXNativeTarget;
			buildConfigurationList = F4ACA05026A83B0600B45F04 /* Build configuration list for PBXNativeTarget "Test2" */;
			buildPhases = (
				F4ACA03826A83AFE00B45F04 /* Sources */,
				F4ACA03926A83AFE00B45F04 /* Frameworks */,
				F4ACA03A26A83AFE00B45F04 /* Resources */,
			);
			buildRules = (
			);
			dependencies = (
			);
			name = Test2;
			productName = Test2;
			productReference = F4ACA03C26A83AFE00B45F04 /* Test2.app */;
			productType = "com.apple.product-type.application";
		};
/* End PBXNativeTarget section */

/* Begin PBXProject section */
		F4ACA03426A83AFE00B45F04 /* Project object */ = {
			isa = PBXProject;
			attributes = {
				LastSwiftUpdateCheck = 1230;
				LastUpgradeCheck = 1230;
				TargetAttributes = {
					F4ACA03B26A83AFE00B45F04 = {
						CreatedOnToolsVersion = 12.3;
					};
				};
			};
			buildConfigurationList = F4ACA03726A83AFE00B45F04 /* Build configuration list for PBXProject "Test2" */;
			compatibilityVersion = "Xcode 9.3";
			developmentRegion = en;
			hasScannedForEncodings = 0;
			knownRegions = (
				en,
				Base,
			);
			mainGroup = F4ACA03326A83AFE00B45F04;
			productRefGroup = F4ACA03D26A83AFE00B45F04 /* Products */;
			projectDirPath = "";
			projectRoot = "";
			targets = (
				F4ACA03B26A83AFE00B45F04 /* Test2 */,
			);
		};
/* End PBXProject section */

/* Begin PBXResourcesBuildPhase section */
		F4ACA03A26A83AFE00B45F04 /* Resources */ = {
			isa = PBXResourcesBuildPhase;
			buildActionMask = 2147483647;
			files = (
				F4ACA04C26A83B0600B45F04 /* LaunchScreen.storyboard in Resources */,
				F4ACA04926A83B0600B45F04 /* Assets.xcassets in Resources */,
				F4ACA04726A83AFE00B45F04 /* Main.storyboard in Resources */,
			);
			runOnlyForDeploymentPostprocessing = 0;
		};
/* End PBXResourcesBuildPhase section */

/* Begin PBXSourcesBuildPhase section */
		F4ACA03826A83AFE00B45F04 /* Sources */ = {
			isa = PBXSourcesBuildPhase;
			buildActionMask = 2147483647;
			files = (
				F4ACA04426A83AFE00B45F04 /* IntroductionViewController.swift in Sources */,
				F4ACA05E26A8954800B45F04 /* Question.swift in Sources */,
				F412278526ACFC8600DAEADE /* QuestionsViewController.swift in Sources */,
				F412278826ACFCCD00DAEADE /* ResultsViewController.swift in Sources */,
				F4ACA06126A8955900B45F04 /* Answer.swift in Sources */,
				F4ACA04026A83AFE00B45F04 /* AppDelegate.swift in Sources */,
				F4ACA04226A83AFE00B45F04 /* SceneDelegate.swift in Sources */,
			);
			runOnlyForDeploymentPostprocessing = 0;
		};
/* End PBXSourcesBuildPhase section */

/* Begin PBXVariantGroup section */
		F4ACA04526A83AFE00B45F04 /* Main.storyboard */ = {
			isa = PBXVariantGroup;
			children = (
				F4ACA04626A83AFE00B45F04 /* Base */,
			);
			name = Main.storyboard;
			sourceTree = "<group>";
		};
		F4ACA04A26A83B0600B45F04 /* LaunchScreen.storyboard */ = {
			isa = PBXVariantGroup;
			children = (
				F4ACA04B26A83B0600B45F04 /* Base */,
			);
			name = LaunchScreen.storyboard;
			sourceTree = "<group>";
		};
/* End PBXVariantGroup section */

/* Begin XCBuildConfiguration section */
		F4ACA04E26A83B0600B45F04 /* Debug */ = {
			isa = XCBuildConfiguration;
			buildSettings = {
				ALWAYS_SEARCH_USER_PATHS = NO;
				CLANG_ANALYZER_NONNULL = YES;
				CLANG_ANALYZER_NUMBER_OBJECT_CONVERSION = YES_AGGRESSIVE;
				CLANG_CXX_LANGUAGE_STANDARD = "gnu++14";
				CLANG_CXX_LIBRARY = "libc++";
				CLANG_ENABLE_MODULES = YES;
				CLANG_ENABLE_OBJC_ARC = YES;
				CLANG_ENABLE_OBJC_WEAK = YES;
				CLANG_WARN_BLOCK_CAPTURE_AUTORELEASING = YES;
				CLANG_WARN_BOOL_CONVERSION = YES;
				CLANG_WARN_COMMA = YES;
				CLANG_WARN_CONSTANT_CONVERSION = YES;
				CLANG_WARN_DEPRECATED_OBJC_IMPLEMENTATIONS = YES;
				CLANG_WARN_DIRECT_OBJC_ISA_USAGE = YES_ERROR;
				CLANG_WARN_DOCUMENTATION_COMMENTS = YES;
				CLANG_WARN_EMPTY_BODY = YES;
				CLANG_WARN_ENUM_CONVERSION = YES;
				CLANG_WARN_INFINITE_RECURSION = YES;
				CLANG_WARN_INT_CONVERSION = YES;
				CLANG_WARN_NON_LITERAL_NULL_CONVERSION = YES;
				CLANG_WARN_OBJC_IMPLICIT_RETAIN_SELF = YES;
				CLANG_WARN_OBJC_LITERAL_CONVERSION = YES;
				CLANG_WARN_OBJC_ROOT_CLASS = YES_ERROR;
				CLANG_WARN_QUOTED_INCLUDE_IN_FRAMEWORK_HEADER = YES;
				CLANG_WARN_RANGE_LOOP_ANALYSIS = YES;
				CLANG_WARN_STRICT_PROTOTYPES = YES;
				CLANG_WARN_SUSPICIOUS_MOVE = YES;
				CLANG_WARN_UNGUARDED_AVAILABILITY = YES_AGGRESSIVE;
				CLANG_WARN_UNREACHABLE_CODE = YES;
				CLANG_WARN__DUPLICATE_METHOD_MATCH = YES;
				COPY_PHASE_STRIP = NO;
				DEBUG_INFORMATION_FORMAT = dwarf;
				ENABLE_STRICT_OBJC_MSGSEND = YES;
				ENABLE_TESTABILITY = YES;
				GCC_C_LANGUAGE_STANDARD = gnu11;
				GCC_DYNAMIC_NO_PIC = NO;
				GCC_NO_COMMON_BLOCKS = YES;
				GCC_OPTIMIZATION_LEVEL = 0;
				GCC_PREPROCESSOR_DEFINITIONS = (
					"DEBUG=1",
					"$(inherited)",
				);
				GCC_WARN_64_TO_32_BIT_CONVERSION = YES;
				GCC_WARN_ABOUT_RETURN_TYPE = YES_ERROR;
				GCC_WARN_UNDECLARED_SELECTOR = YES;
				GCC_WARN_UNINITIALIZED_AUTOS = YES_AGGRESSIVE;
				GCC_WARN_UNUSED_FUNCTION = YES;
				GCC_WARN_UNUSED_VARIABLE = YES;
				IPHONEOS_DEPLOYMENT_TARGET = 14.3;
				MTL_ENABLE_DEBUG_INFO = INCLUDE_SOURCE;
				MTL_FAST_MATH = YES;
				ONLY_ACTIVE_ARCH = YES;
				SDKROOT = iphoneos;
				SWIFT_ACTIVE_COMPILATION_CONDITIONS = DEBUG;
				SWIFT_OPTIMIZATION_LEVEL = "-Onone";
			};
			name = Debug;
		};
		F4ACA04F26A83B0600B45F04 /* Release */ = {
			isa = XCBuildConfiguration;
			buildSettings = {
				ALWAYS_SEARCH_USER_PATHS = NO;
				CLANG_ANALYZER_NONNULL = YES;
				CLANG_ANALYZER_NUMBER_OBJECT_CONVERSION = YES_AGGRESSIVE;
				CLANG_CXX_LANGUAGE_STANDARD = "gnu++14";
				CLANG_CXX_LIBRARY = "libc++";
				CLANG_ENABLE_MODULES = YES;
				CLANG_ENABLE_OBJC_ARC = YES;
				CLANG_ENABLE_OBJC_WEAK = YES;
				CLANG_WARN_BLOCK_CAPTURE_AUTORELEASING = YES;
				CLANG_WARN_BOOL_CONVERSION = YES;
				CLANG_WARN_COMMA = YES;
				CLANG_WARN_CONSTANT_CONVERSION = YES;
				CLANG_WARN_DEPRECATED_OBJC_IMPLEMENTATIONS = YES;
				CLANG_WARN_DIRECT_OBJC_ISA_USAGE = YES_ERROR;
				CLANG_WARN_DOCUMENTATION_COMMENTS = YES;
				CLANG_WARN_EMPTY_BODY = YES;
				CLANG_WARN_ENUM_CONVERSION = YES;
				CLANG_WARN_INFINITE_RECURSION = YES;
				CLANG_WARN_INT_CONVERSION = YES;
				CLANG_WARN_NON_LITERAL_NULL_CONVERSION = YES;
				CLANG_WARN_OBJC_IMPLICIT_RETAIN_SELF = YES;
				CLANG_WARN_OBJC_LITERAL_CONVERSION = YES;
				CLANG_WARN_OBJC_ROOT_CLASS = YES_ERROR;
				CLANG_WARN_QUOTED_INCLUDE_IN_FRAMEWORK_HEADER = YES;
				CLANG_WARN_RANGE_LOOP_ANALYSIS = YES;
				CLANG_WARN_STRICT_PROTOTYPES = YES;
				CLANG_WARN_SUSPICIOUS_MOVE = YES;
				CLANG_WARN_UNGUARDED_AVAILABILITY = YES_AGGRESSIVE;
				CLANG_WARN_UNREACHABLE_CODE = YES;
				CLANG_WARN__DUPLICATE_METHOD_MATCH = YES;
				COPY_PHASE_STRIP = NO;
				DEBUG_INFORMATION_FORMAT = "dwarf-with-dsym";
				ENABLE_NS_ASSERTIONS = NO;
				ENABLE_STRICT_OBJC_MSGSEND = YES;
				GCC_C_LANGUAGE_STANDARD = gnu11;
				GCC_NO_COMMON_BLOCKS = YES;
				GCC_WARN_64_TO_32_BIT_CONVERSION = YES;
				GCC_WARN_ABOUT_RETURN_TYPE = YES_ERROR;
				GCC_WARN_UNDECLARED_SELECTOR = YES;
				GCC_WARN_UNINITIALIZED_AUTOS = YES_AGGRESSIVE;
				GCC_WARN_UNUSED_FUNCTION = YES;
				GCC_WARN_UNUSED_VARIABLE = YES;
				IPHONEOS_DEPLOYMENT_TARGET = 14.3;
				MTL_ENABLE_DEBUG_INFO = NO;
				MTL_FAST_MATH = YES;
				SDKROOT = iphoneos;
				SWIFT_COMPILATION_MODE = wholemodule;
				SWIFT_OPTIMIZATION_LEVEL = "-O";
				VALIDATE_PRODUCT = YES;
			};
			name = Release;
		};
		F4ACA05126A83B0600B45F04 /* Debug */ = {
			isa = XCBuildConfiguration;
			buildSettings = {
				ASSETCATALOG_COMPILER_APPICON_NAME = AppIcon;
				ASSETCATALOG_COMPILER_GLOBAL_ACCENT_COLOR_NAME = AccentColor;
				CODE_SIGN_STYLE = Automatic;
				INFOPLIST_FILE = Test2/Supporting/Info.plist;
				LD_RUNPATH_SEARCH_PATHS = (
					"$(inherited)",
					"@executable_path/Frameworks",
				);
				PRODUCT_BUNDLE_IDENTIFIER = polas.Test2;
				PRODUCT_NAME = "$(TARGET_NAME)";
				SWIFT_VERSION = 5.0;
				TARGETED_DEVICE_FAMILY = "1,2";
			};
			name = Debug;
		};
		F4ACA05226A83B0600B45F04 /* Release */ = {
			isa = XCBuildConfiguration;
			buildSettings = {
				ASSETCATALOG_COMPILER_APPICON_NAME = AppIcon;
				ASSETCATALOG_COMPILER_GLOBAL_ACCENT_COLOR_NAME = AccentColor;
				CODE_SIGN_STYLE = Automatic;
				INFOPLIST_FILE = Test2/Supporting/Info.plist;
				LD_RUNPATH_SEARCH_PATHS = (
					"$(inherited)",
					"@executable_path/Frameworks",
				);
				PRODUCT_BUNDLE_IDENTIFIER = polas.Test2;
				PRODUCT_NAME = "$(TARGET_NAME)";
				SWIFT_VERSION = 5.0;
				TARGETED_DEVICE_FAMILY = "1,2";
			};
			name = Release;
		};
/* End XCBuildConfiguration section */

/* Begin XCConfigurationList section */
		F4ACA03726A83AFE00B45F04 /* Build configuration list for PBXProject "Test2" */ = {
			isa = XCConfigurationList;
			buildConfigurations = (
				F4ACA04E26A83B0600B45F04 /* Debug */,
				F4ACA04F26A83B0600B45F04 /* Release */,
			);
			defaultConfigurationIsVisible = 0;
			defaultConfigurationName = Release;
		};
		F4ACA05026A83B0600B45F04 /* Build configuration list for PBXNativeTarget "Test2" */ = {
			isa = XCConfigurationList;
			buildConfigurations = (
				F4ACA05126A83B0600B45F04 /* Debug */,
				F4ACA05226A83B0600B45F04 /* Release */,
			);
			defaultConfigurationIsVisible = 0;
			defaultConfigurationName = Release;
		};
/* End XCConfigurationList section */
	};
	rootObject = F4ACA03426A83AFE00B45F04 /* Project object */;
}
